# Generated by pub
# See https://dart.dev/tools/pub/glossary#lockfile
packages:
  archive:
    dependency: transitive
    description:
      name: archive
      sha256: a96e8b390886ee8abb49b7bd3ac8df6f451c621619f52a26e815fdcf568959ff
      url: "https://pub.dev"
    source: hosted
    version: "4.0.9"
  args:
    dependency: transitive
    description:
      name: args
      sha256: d0481093c50b1da8910eb0bb301626d4d8eb7284aa739614d2b394ee09e3ea04
      url: "https://pub.dev"
    source: hosted
    version: "2.7.0"
  async:
    dependency: transitive
    description:
      name: async
      sha256: e2eb0491ba5ddb6177742d2da23904574082139b07c1e33b8503b9f46f3e1a37
      url: "https://pub.dev"
    source: hosted
    version: "2.13.1"
  ble_bootstrap_channel:
    dependency: "direct main"
    description:
      path: "."
      ref: HEAD
      resolved-ref: b641a8597723c28fc968270e944bd4cd92fb01f2
      url: "https://github.com/Venice-D2D/ble_bootstrap_channel.git"
    source: git
    version: "0.0.1"
  bluetooth_low_energy:
    dependency: transitive
    description:
      name: bluetooth_low_energy
      sha256: "2d1d9f483c677dca86479935827d15c5d0407f346595ae0fbbe8b75076d19490"
      url: "https://pub.dev"
    source: hosted
    version: "5.0.7"
  bluetooth_low_energy_android:
    dependency: transitive
    description:
      name: bluetooth_low_energy_android
      sha256: "281ca129677e10cd22d4763bbb7a9fb53d801cf25fcc54815e4023073e35f22c"
      url: "https://pub.dev"
    source: hosted
    version: "5.0.5"
  bluetooth_low_energy_darwin:
    dependency: transitive
    description:
      name: bluetooth_low_energy_darwin
      sha256: d8c37f27c48ad523e5c32d1002d8e67570b1f4e6d69c54e09bca152a07f6ab3f
      url: "https://pub.dev"
    source: hosted
    version: "5.0.5"
  bluetooth_low_energy_linux:
    dependency: transitive
    description:
      name: bluetooth_low_energy_linux
      sha256: "2809830a8b67eac5d53fdc6e907aa878ec61884d6e6a42da2b79b826410c8327"
      url: "https://pub.dev"
    source: hosted
    version: "5.0.2"
  bluetooth_low_energy_platform_interface:
    dependency: transitive
    description:
      name: bluetooth_low_energy_platform_interface
      sha256: "5af74eb8f97a896dfdbcff2da284d4fe5b4e2e49ebb2f46f826ac1810f66e4d7"
      url: "https://pub.dev"
    source: hosted
    version: "5.0.2"
  bluetooth_low_energy_windows:
    dependency: transitive
    description:
      name: bluetooth_low_energy_windows
      sha256: "5a0b22003d14dc84f3f16e73a77f2645df034badb9003f368e6f9bc02e8b249a"
      url: "https://pub.dev"
    source: hosted
    version: "5.0.3"
  bluez:
    dependency: transitive
    description:
      name: bluez
      sha256: "61a7204381925896a374301498f2f5399e59827c6498ae1e924aaa598751b545"
      url: "https://pub.dev"
    source: hosted
    version: "0.8.3"
  boolean_selector:
    dependency: transitive
    description:
      name: boolean_selector
      sha256: "8aab1771e1243a5063b8b0ff68042d67334e3feab9e95b9490f9a6ebf73b42ea"
      url: "https://pub.dev"
    source: hosted
    version: "2.1.2"
  buffer:
    dependency: transitive
    description:
      name: buffer
      sha256: "389da2ec2c16283c8787e0adaede82b1842102f8c8aae2f49003a766c5c6b3d1"
      url: "https://pub.dev"
    source: hosted
    version: "1.2.3"
  camera:
    dependency: "direct main"
    description:
      name: camera
      sha256: "034c38cb8014d29698dcae6d20276688a1bf74e6487dfeb274d70ea05d5f7777"
      url: "https://pub.dev"
    source: hosted
    version: "0.12.0+1"
  camera_android_camerax:
    dependency: transitive
    description:
      name: camera_android_camerax
      sha256: b5064cf25a2787d122d0bf12e77c7b1033a2b983d0730e3091f770ee376efde5
      url: "https://pub.dev"
    source: hosted
    version: "0.7.2"
  camera_avfoundation:
    dependency: transitive
    description:
      name: camera_avfoundation
      sha256: "90e4cc3fde331581a3b2d35d83be41dbb7393af0ab857eb27b732174289cb96d"
      url: "https://pub.dev"
    source: hosted
    version: "0.10.1"
  camera_platform_interface:
    dependency: transitive
    description:
      name: camera_platform_interface
      sha256: "7ac852d77699acee79f0d438b793feee26721841e50973576419ff5c6d95e9b7"
      url: "https://pub.dev"
    source: hosted
    version: "2.13.0"
  camera_web:
    dependency: transitive
    description:
      name: camera_web
      sha256: "57f49a635c8bf249d07fb95eb693d7e4dda6796dedb3777f9127fb54847beba7"
      url: "https://pub.dev"
    source: hosted
    version: "0.3.5+3"
  characters:
    dependency: transitive
    description:
      name: characters
      sha256: faf38497bda5ead2a8c7615f4f7939df04333478bf32e4173fcb06d428b5716b
      url: "https://pub.dev"
    source: hosted
    version: "1.4.1"
  clock:
    dependency: transitive
    description:
      name: clock
      sha256: fddb70d9b5277016c77a80201021d40a2247104d9f4aa7bab7157b7e3f05b84b
      url: "https://pub.dev"
    source: hosted
    version: "1.1.2"
  collection:
    dependency: transitive
    description:
      name: collection
      sha256: "2f5709ae4d3d59dd8f7cd309b4e023046b57d8a6c82130785d2b0e5868084e76"
      url: "https://pub.dev"
    source: hosted
    version: "1.19.1"
  connectivity_plus:
    dependency: transitive
    description:
      name: connectivity_plus
      sha256: "62ffa266d9a23b79fb3fcbc206afc00bb979417ba57b1324c546b5aab95ba057"
      url: "https://pub.dev"
    source: hosted
    version: "7.1.1"
  connectivity_plus_platform_interface:
    dependency: transitive
    description:
      name: connectivity_plus_platform_interface
      sha256: "3c09627c536d22fd24691a905cdd8b14520de69da52c7a97499c8be5284a32ed"
      url: "https://pub.dev"
    source: hosted
    version: "2.1.0"
  cross_file:
    dependency: transitive
    description:
      name: cross_file
      sha256: "28bb3ae56f117b5aec029d702a90f57d285cd975c3c5c281eaca38dbc47c5937"
      url: "https://pub.dev"
    source: hosted
    version: "0.3.5+2"
  current_wifi_data_channel:
    dependency: "direct main"
    description:
      path: "."
      ref: HEAD
      resolved-ref: c1c1760ae64c9d9240b59dacc5386b49c5ecd619
      url: "https://github.com/Venice-D2D/current_wifi_data_channel.git"
    source: git
    version: "0.0.1"
  dbus:
    dependency: transitive
    description:
      name: dbus
      sha256: d0c98dcd4f5169878b6cf8f6e0a52403a9dff371a3e2f019697accbf6f44a270
      url: "https://pub.dev"
    source: hosted
    version: "0.7.12"
  delta_scheduler:
    dependency: "direct main"
    description:
      path: "."
      ref: HEAD
      resolved-ref: "62b17942fcb0b18d83bc0276db1668cd91a659e5"
      url: "https://github.com/Venice-D2D/delta_scheduler.git"
    source: git
    version: "0.0.1"
  fake_async:
    dependency: transitive
    description:
      name: fake_async
      sha256: "5368f224a74523e8d2e7399ea1638b37aecfca824a3cc4dfdf77bf1fa905ac44"
      url: "https://pub.dev"
    source: hosted
    version: "1.3.3"
  ffi:
    dependency: transitive
    description:
      name: ffi
      sha256: "6d7fd89431262d8f3125e81b50d3847a091d846eafcd4fdb88dd06f36d705a45"
      url: "https://pub.dev"
    source: hosted
    version: "2.2.0"
  file_picker:
    dependency: "direct main"
    description:
      name: file_picker
      sha256: f13a03000d942e476bc1ff0a736d2e9de711d2f89a95cd4c1d88f861c3348387
      url: "https://pub.dev"
    source: hosted
    version: "11.0.2"
  fixnum:
    dependency: transitive
    description:
      name: fixnum
      sha256: b6dc7065e46c974bc7c5f143080a6764ec7a4be6da1285ececdc37be96de53be
      url: "https://pub.dev"
    source: hosted
    version: "1.1.1"
  flutter:
    dependency: "direct main"
    description: flutter
    source: sdk
    version: "0.0.0"
  flutter_lints:
    dependency: "direct dev"
    description:
      name: flutter_lints
      sha256: a25a15ebbdfc33ab1cd26c63a6ee519df92338a9c10f122adda92938253bef04
      url: "https://pub.dev"
    source: hosted
    version: "2.0.3"
  flutter_plugin_android_lifecycle:
    dependency: transitive
    description:
      name: flutter_plugin_android_lifecycle
      sha256: "38d1c268de9097ff59cf0e844ac38759fc78f76836d37edad06fa21e182055a0"
      url: "https://pub.dev"
    source: hosted
    version: "2.0.34"
  flutter_test:
    dependency: "direct dev"
    description: flutter
    source: sdk
    version: "0.0.0"
  flutter_web_plugins:
    dependency: transitive
    description: flutter
    source: sdk
    version: "0.0.0"
  fluttertoast:
    dependency: "direct main"
    description:
      name: fluttertoast
      sha256: "144ddd74d49c865eba47abe31cbc746c7b311c82d6c32e571fd73c4264b740e2"
      url: "https://pub.dev"
    source: hosted
    version: "9.0.0"
  image:
    dependency: "direct main"
    description:
      name: image
      sha256: f9881ff4998044947ec38d098bc7c8316ae1186fa786eddffdb867b9bc94dfce
      url: "https://pub.dev"
    source: hosted
    version: "4.8.0"
  leak_tracker:
    dependency: transitive
    description:
      name: leak_tracker
      sha256: "33e2e26bdd85a0112ec15400c8cbffea70d0f9c3407491f672a2fad47915e2de"
      url: "https://pub.dev"
    source: hosted
    version: "11.0.2"
  leak_tracker_flutter_testing:
    dependency: transitive
    description:
      name: leak_tracker_flutter_testing
      sha256: "1dbc140bb5a23c75ea9c4811222756104fbcd1a27173f0c34ca01e16bea473c1"
      url: "https://pub.dev"
    source: hosted
    version: "3.0.10"
  leak_tracker_testing:
    dependency: transitive
    description:
      name: leak_tracker_testing
      sha256: "8d5a2d49f4a66b49744b23b018848400d23e54caf9463f4eb20df3eb8acb2eb1"
      url: "https://pub.dev"
    source: hosted
    version: "3.0.2"
  lints:
    dependency: transitive
    description:
      name: lints
      sha256: "0a217c6c989d21039f1498c3ed9f3ed71b354e69873f13a8dfc3c9fe76f1b452"
      url: "https://pub.dev"
    source: hosted
    version: "2.1.1"
  log_service:
    dependency: transitive
    description:
      name: log_service
      sha256: "21124936899e227d1779268077921d46d57456e2592d1562e455be273594e2e4"
      url: "https://pub.dev"
    source: hosted
    version: "1.0.0"
  logging:
    dependency: transitive
    description:
      name: logging
      sha256: c8245ada5f1717ed44271ed1c26b8ce85ca3228fd2ffdb75468ab01979309d61
      url: "https://pub.dev"
    source: hosted
    version: "1.3.0"
  matcher:
    dependency: transitive
    description:
      name: matcher
      sha256: dc0b7dc7651697ea4ff3e69ef44b0407ea32c487a39fff6a4004fa585e901861
      url: "https://pub.dev"
    source: hosted
    version: "0.12.19"
  material_color_utilities:
    dependency: transitive
    description:
      name: material_color_utilities
      sha256: "9c337007e82b1889149c82ed242ed1cb24a66044e30979c44912381e9be4c48b"
      url: "https://pub.dev"
    source: hosted
    version: "0.13.0"
  meta:
    dependency: transitive
    description:
      name: meta
      sha256: "23f08335362185a5ea2ad3a4e597f1375e78bce8a040df5c600c8d3552ef2394"
      url: "https://pub.dev"
    source: hosted
    version: "1.17.0"
  mobile_scanner:
    dependency: transitive
    description:
      name: mobile_scanner
      sha256: "0b466a0a8a211b366c2e87f3345715faef9b6011c7147556ad22f37de6ba3173"
      url: "https://pub.dev"
    source: hosted
    version: "6.0.11"
  nested:
    dependency: transitive
    description:
      name: nested
      sha256: "03bac4c528c64c95c722ec99280375a6f2fc708eec17c7b3f07253b626cd2a20"
      url: "https://pub.dev"
    source: hosted
    version: "1.0.0"
  network_info_plus:
    dependency: transitive
    description:
      name: network_info_plus
      sha256: "2866dadcbee2709e20d67737a1556f5675b8b0cdcf2c1659ba74bc21bffede4f"
      url: "https://pub.dev"
    source: hosted
    version: "7.0.0"
  network_info_plus_platform_interface:
    dependency: transitive
    description:
      name: network_info_plus_platform_interface
      sha256: "7e7496a8a9d8136859b8881affc613c4a21304afeb6c324bcefc4bd0aff6b94b"
      url: "https://pub.dev"
    source: hosted
    version: "2.0.2"
  nm:
    dependency: transitive
    description:
      name: nm
      sha256: "2c9aae4127bdc8993206464fcc063611e0e36e72018696cd9631023a31b24254"
      url: "https://pub.dev"
    source: hosted
    version: "0.5.0"
  path:
    dependency: transitive
    description:
      name: path
      sha256: "75cca69d1490965be98c73ceaea117e8a04dd21217b37b292c9ddbec0d955bc5"
      url: "https://pub.dev"
    source: hosted
    version: "1.9.1"
  permission_handler:
    dependency: "direct main"
    description:
      name: permission_handler
      sha256: bc917da36261b00137bbc8896bf1482169cd76f866282368948f032c8c1caae1
      url: "https://pub.dev"
    source: hosted
    version: "12.0.1"
  permission_handler_android:
    dependency: transitive
    description:
      name: permission_handler_android
      sha256: "1e3bc410ca1bf84662104b100eb126e066cb55791b7451307f9708d4007350e6"
      url: "https://pub.dev"
    source: hosted
    version: "13.0.1"
  permission_handler_apple:
    dependency: transitive
    description:
      name: permission_handler_apple
      sha256: f000131e755c54cf4d84a5d8bd6e4149e262cc31c5a8b1d698de1ac85fa41023
      url: "https://pub.dev"
    source: hosted
    version: "9.4.7"
  permission_handler_html:
    dependency: transitive
    description:
      name: permission_handler_html
      sha256: "38f000e83355abb3392140f6bc3030660cfaef189e1f87824facb76300b4ff24"
      url: "https://pub.dev"
    source: hosted
    version: "0.1.3+5"
  permission_handler_platform_interface:
    dependency: transitive
    description:
      name: permission_handler_platform_interface
      sha256: eb99b295153abce5d683cac8c02e22faab63e50679b937fa1bf67d58bb282878
      url: "https://pub.dev"
    source: hosted
    version: "4.3.0"
  permission_handler_windows:
    dependency: transitive
    description:
      name: permission_handler_windows
      sha256: "1a790728016f79a41216d88672dbc5df30e686e811ad4e698bfc51f76ad91f1e"
      url: "https://pub.dev"
    source: hosted
    version: "0.2.1"
  petitparser:
    dependency: transitive
    description:
      name: petitparser
      sha256: "91bd59303e9f769f108f8df05e371341b15d59e995e6806aefab827b58336675"
      url: "https://pub.dev"
    source: hosted
    version: "7.0.2"
  plugin_platform_interface:
    dependency: transitive
    description:
      name: plugin_platform_interface
      sha256: "4820fbfdb9478b1ebae27888254d445073732dae3d6ea81f0b7e06d5dedc3f02"
      url: "https://pub.dev"
    source: hosted
    version: "2.1.8"
  posix:
    dependency: transitive
    description:
      name: posix
      sha256: "185ef7606574f789b40f289c233efa52e96dead518aed988e040a10737febb07"
      url: "https://pub.dev"
    source: hosted
    version: "6.5.0"
  protobuf:
    dependency: transitive
    description:
      name: protobuf
      sha256: "68645b24e0716782e58948f8467fd42a880f255096a821f9e7d0ec625b00c84d"
      url: "https://pub.dev"
    source: hosted
    version: "3.1.0"
  provider:
    dependency: "direct main"
    description:
      name: provider
      sha256: "4e82183fa20e5ca25703ead7e05de9e4cceed1fbd1eadc1ac3cb6f565a09f272"
      url: "https://pub.dev"
    source: hosted
    version: "6.1.5+1"
  qr:
    dependency: transitive
    description:
      name: qr
      sha256: "5a1d2586170e172b8a8c8470bbbffd5eb0cd38a66c0d77155ea138d3af3a4445"
      url: "https://pub.dev"
    source: hosted
    version: "3.0.2"
  qr_code_bootstrap_channel:
    dependency: "direct main"
    description:
      path: "."
      ref: HEAD
      resolved-ref: "8d1eb954a3c275860b948e93137fcb956e5b5aed"
      url: "https://github.com/Venice-D2D/qr_code_bootstrap_channel.git"
    source: git
    version: "0.0.1"
  qr_flutter:
    dependency: transitive
    description:
      name: qr_flutter
      sha256: "5095f0fc6e3f71d08adef8feccc8cea4f12eec18a2e31c2e8d82cb6019f4b097"
      url: "https://pub.dev"
    source: hosted
    version: "4.1.0"
  sky_engine:
    dependency: transitive
    description: flutter
    source: sdk
    version: "0.0.0"
  source_span:
    dependency: transitive
    description:
      name: source_span
      sha256: "56a02f1f4cd1a2d96303c0144c93bd6d909eea6bee6bf5a0e0b685edbd4c47ab"
      url: "https://pub.dev"
    source: hosted
    version: "1.10.2"
  stack_trace:
    dependency: transitive
    description:
      name: stack_trace
      sha256: "8b27215b45d22309b5cddda1aa2b19bdfec9df0e765f2de506401c071d38d1b1"
      url: "https://pub.dev"
    source: hosted
    version: "1.12.1"
  stream_channel:
    dependency: transitive
    description:
      name: stream_channel
      sha256: "969e04c80b8bcdf826f8f16579c7b14d780458bd97f56d107d3950fdbeef059d"
      url: "https://pub.dev"
    source: hosted
    version: "2.1.4"
  stream_transform:
    dependency: transitive
    description:
      name: stream_transform
      sha256: ad47125e588cfd37a9a7f86c7d6356dde8dfe89d071d293f80ca9e9273a33871
      url: "https://pub.dev"
    source: hosted
    version: "2.1.1"
  string_scanner:
    dependency: transitive
    description:
      name: string_scanner
      sha256: "921cd31725b72fe181906c6a94d987c78e3b98c2e205b397ea399d4054872b43"
      url: "https://pub.dev"
    source: hosted
    version: "1.4.1"
  term_glyph:
    dependency: transitive
    description:
      name: term_glyph
      sha256: "7f554798625ea768a7518313e58f83891c7f5024f88e46e7182a4558850a4b8e"
      url: "https://pub.dev"
    source: hosted
    version: "1.2.2"
  test_api:
    dependency: transitive
    description:
      name: test_api
      sha256: "8161c84903fd860b26bfdefb7963b3f0b68fee7adea0f59ef805ecca346f0c7a"
      url: "https://pub.dev"
    source: hosted
    version: "0.7.10"
  vector_math:
    dependency: transitive
    description:
      name: vector_math
      sha256: d530bd74fea330e6e364cda7a85019c434070188383e1cd8d9777ee586914c5b
      url: "https://pub.dev"
    source: hosted
    version: "2.2.0"
  venice_core:
    dependency: "direct main"
    description:
      path: "."
      ref: HEAD
      resolved-ref: f1f043e679766ac80f18d68daa7742ed3708195a
      url: "https://github.com/Venice-D2D/venice_core.git"
    source: git
    version: "1.0.0+1"
  vm_service:
    dependency: transitive
    description:
      name: vm_service
      sha256: "046d3928e16fa4dc46e8350415661755ab759d9fc97fc21b5ab295f71e4f0499"
      url: "https://pub.dev"
    source: hosted
    version: "15.1.0"
  web:
    dependency: transitive
    description:
      name: web
      sha256: "868d88a33d8a87b18ffc05f9f030ba328ffefba92d6c127917a2ba740f9cfe4a"
      url: "https://pub.dev"
    source: hosted
    version: "1.1.1"
  wifi_data_channel:
    dependency: "direct main"
    description:
      path: "."
      ref: HEAD
      resolved-ref: d4be8957ae721f8caf95c8c70124e8ce3e945f33
      url: "https://github.com/Venice-D2D/wifi_data_channel.git"
    source: git
    version: "0.0.1"
  wifi_iot:
    dependency: transitive
    description:
      name: wifi_iot
      sha256: "0861aed0c0afd6031b4337811d31cdd181c594a8a2c73e94826ea21d2cb4707b"
      url: "https://pub.dev"
    source: hosted
    version: "0.3.19+2"
  wifi_scan:
    dependency: transitive
    description:
      name: wifi_scan
      sha256: "78896ea3db8838769053accd47cab02a62ead6480557e235295320603f84c9c7"
      url: "https://pub.dev"
    source: hosted
    version: "0.4.1+2"
  win32:
    dependency: transitive
    description:
      name: win32
      sha256: d7cb55e04cd34096cd3a79b3330245f54cb96a370a1c27adb3c84b917de8b08e
      url: "https://pub.dev"
    source: hosted
    version: "5.15.0"
  xml:
    dependency: transitive
    description:
      name: xml
      sha256: "971043b3a0d3da28727e40ed3e0b5d18b742fa5a68665cca88e74b7876d5e025"
      url: "https://pub.dev"
    source: hosted
    version: "6.6.1"
sdks:
  dart: ">=3.11.0 <4.0.0"
  flutter: ">=3.35.0"
